
Microsoft Visual Studio Solution File, Format Version 12.00
# Visual Studio Version 16
VisualStudioVersion = 16.0.31005.135
MinimumVisualStudioVersion = 10.0.40219.1
Project("{FAE04EC0-301F-11D3-BF4B-00C04F79EFBC}") = "WeatherData.Web", "WeatherData.Web\WeatherData.Web.csproj", "{D52FDE31-7DC2-4C2D-8421-C1D877D4E8A8}"
EndProject
Global
	GlobalSection(SolutionConfigurationPlatforms) = preSolution
		Debug|Any CPU = Debug|Any CPU
		Release|Any CPU = Release|Any CPU
	EndGlobalSection
	GlobalSection(ProjectConfigurationPlatforms) = postSolution
		{D52FDE31-7DC2-4C2D-8421-C1D877D4E8A8}.Debug|Any CPU.ActiveCfg = Debug|Any CPU
		{D52FDE31-7DC2-4C2D-8421-C1D877D4E8A8}.Debug|Any CPU.Build.0 = Debug|Any CPU
		{D52FDE31-7DC2-4C2D-8421-C1D877D4E8A8}.Release|Any CPU.ActiveCfg = Release|Any CPU
		{D52FDE31-7DC2-4C2D-8421-C1D877D4E8A8}.Release|Any CPU.Build.0 = Release|Any CPU
	EndGlobalSection
	GlobalSection(SolutionProperties) = preSolution
		HideSolutionNode = FALSE
	EndGlobalSection
	GlobalSection(ExtensibilityGlobals) = postSolution
		SolutionGuid = {4E0A7A6E-FB4B-4BBA-BFE4-EBCB1118F889}
	EndGlobalSection
EndGlobal
